
Microsoft Visual Studio Solution File, Format Version 12.00
# Visual Studio 15
Project("{FAE04EC0-301F-11D3-BF4B-00C04F79EFBC}") = "Assembly-CSharp", "Assembly-CSharp.csproj", "{BCFF9FFE-2CE5-1ACB-761F-58A6EB120AAF}"
EndProject
Global
	GlobalSection(SolutionConfigurationPlatforms) = preSolution
		Debug|Any CPU = Debug|Any CPU
		Release|Any CPU = Release|Any CPU
	EndGlobalSection
	GlobalSection(ProjectConfigurationPlatforms) = postSolution
		{BCFF9FFE-2CE5-1ACB-761F-58A6EB120AAF}.Debug|Any CPU.ActiveCfg = Debug|Any CPU
		{BCFF9FFE-2CE5-1ACB-761F-58A6EB120AAF}.Debug|Any CPU.Build.0 = Debug|Any CPU
		{BCFF9FFE-2CE5-1ACB-761F-58A6EB120AAF}.Release|Any CPU.ActiveCfg = Release|Any CPU
		{BCFF9FFE-2CE5-1ACB-761F-58A6EB120AAF}.Release|Any CPU.Build.0 = Release|Any CPU
	EndGlobalSection
	GlobalSection(SolutionProperties) = preSolution
		HideSolutionNode = FALSE
	EndGlobalSection
EndGlobal
